# THIS IS AN AUTOGENERATED FILE. DO NOT EDIT THIS FILE DIRECTLY.
# yarn lockfile v1


"@esbuild/linux-x64@0.25.4":
  version "0.25.4"
  resolved "https://registry.npmjs.org/@esbuild/linux-x64/-/linux-x64-0.25.4.tgz"
  integrity sha512-6e0cvXwzOnVWJHq+mskP8DNSrKBr1bULBvnFLpc1KY+d+irZSgZ02TGse5FsafKS5jg2e4pbvK6TPXaF/A6+CA==

"@rollup/rollup-linux-x64-gnu@4.40.2":
  version "4.40.2"
  resolved "https://registry.npmjs.org/@rollup/rollup-linux-x64-gnu/-/rollup-linux-x64-gnu-4.40.2.tgz"
  integrity sha512-lG7Xa+BmBNwpjmVUbmyKxdQJ3Q6whHjMjzQplOs5Z+Gj7mxPtWakGHqzMqNER68G67kmCX9qX57aRsW5V0VOng==

"@rollup/rollup-linux-x64-musl@4.40.2":
  version "4.40.2"
  resolved "https://registry.npmjs.org/@rollup/rollup-linux-x64-musl/-/rollup-linux-x64-musl-4.40.2.tgz"
  integrity sha512-tD46wKHd+KJvsmije4bUskNuvWKFcTOIM9tZ/RrmIvcXnbi0YK/cKS9FzFtAm7Oxi2EhV5N2OpfFB348vSQRXA==

"@types/estree@1.0.7":
  version "1.0.7"
  resolved "https://registry.npmjs.org/@types/estree/-/estree-1.0.7.tgz"
  integrity sha512-w28IoSUCJpidD/TGviZwwMJckNESJZXFu7NBZ5YJ4mEUnNraUn9Pm8HSZm/jDF1pDWYKspWE7oVphigUPRakIQ==

dotenv@^16.5.0:
  version "16.5.0"
  resolved "https://registry.npmjs.org/dotenv/-/dotenv-16.5.0.tgz"
  integrity sha512-m/C+AwOAr9/W1UOIZUo232ejMNnJAJtYQjUbHoNTBNTJSvqzzDh7vnrei3o3r3m9blf6ZoDkvcw0VmozNRFJxg==

esbuild@^0.25.0:
  version "0.25.4"
  resolved "https://registry.npmjs.org/esbuild/-/esbuild-0.25.4.tgz"
  integrity sha512-8pgjLUcUjcgDg+2Q4NYXnPbo/vncAY4UmyaCm0jZevERqCHZIaWwdJHkf8XQtu4AxSKCdvrUbT0XUr1IdZzI8Q==
  optionalDependencies:
    "@esbuild/aix-ppc64" "0.25.4"
    "@esbuild/android-arm" "0.25.4"
    "@esbuild/android-arm64" "0.25.4"
    "@esbuild/android-x64" "0.25.4"
    "@esbuild/darwin-arm64" "0.25.4"
    "@esbuild/darwin-x64" "0.25.4"
    "@esbuild/freebsd-arm64" "0.25.4"
    "@esbuild/freebsd-x64" "0.25.4"
    "@esbuild/linux-arm" "0.25.4"
    "@esbuild/linux-arm64" "0.25.4"
    "@esbuild/linux-ia32" "0.25.4"
    "@esbuild/linux-loong64" "0.25.4"
    "@esbuild/linux-mips64el" "0.25.4"
    "@esbuild/linux-ppc64" "0.25.4"
    "@esbuild/linux-riscv64" "0.25.4"
    "@esbuild/linux-s390x" "0.25.4"
    "@esbuild/linux-x64" "0.25.4"
    "@esbuild/netbsd-arm64" "0.25.4"
    "@esbuild/netbsd-x64" "0.25.4"
    "@esbuild/openbsd-arm64" "0.25.4"
    "@esbuild/openbsd-x64" "0.25.4"
    "@esbuild/sunos-x64" "0.25.4"
    "@esbuild/win32-arm64" "0.25.4"
    "@esbuild/win32-ia32" "0.25.4"
    "@esbuild/win32-x64" "0.25.4"

fdir@^6.4.4:
  version "6.4.4"
  resolved "https://registry.npmjs.org/fdir/-/fdir-6.4.4.tgz"
  integrity sha512-1NZP+GK4GfuAv3PqKvxQRDMjdSRZjnkq7KfhlNrCNNlZ0ygQFpebfrnfnq/W7fpUnAv9aGWmY1zKx7FYL3gwhg==

nanoid@^3.3.8:
  version "3.3.11"
  resolved "https://registry.npmjs.org/nanoid/-/nanoid-3.3.11.tgz"
  integrity sha512-N8SpfPUnUp1bK+PMYW8qSWdl9U+wwNWI4QKxOYDy9JAro3WMX7p2OeVRF9v+347pnakNevPmiHhNmZ2HbFA76w==

picocolors@^1.1.1:
  version "1.1.1"
  resolved "https://registry.npmjs.org/picocolors/-/picocolors-1.1.1.tgz"
  integrity sha512-xceH2snhtb5M9liqDsmEw56le376mTZkEX/jEb/RxNFyegNul7eNslCXP9FDj/Lcu0X8KEyMceP2ntpaHrDEVA==

"picomatch@^3 || ^4", picomatch@^4.0.2:
  version "4.0.2"
  resolved "https://registry.npmjs.org/picomatch/-/picomatch-4.0.2.tgz"
  integrity sha512-M7BAV6Rlcy5u+m6oPhAPFgJTzAioX/6B0DxyvDlo9l8+T3nLKbrczg2WLUyzd45L8RqfUMyGPzekbMvX2Ldkwg==

postcss@^8.5.3:
  version "8.5.3"
  resolved "https://registry.npmjs.org/postcss/-/postcss-8.5.3.tgz"
  integrity sha512-dle9A3yYxlBSrt8Fu+IpjGT8SY8hN0mlaA6GY8t0P5PjIOZemULz/E2Bnm/2dcUOena75OTNkHI76uZBNUUq3A==
  dependencies:
    nanoid "^3.3.8"
    picocolors "^1.1.1"
    source-map-js "^1.2.1"

rollup@^4.34.9:
  version "4.40.2"
  resolved "https://registry.npmjs.org/rollup/-/rollup-4.40.2.tgz"
  integrity sha512-tfUOg6DTP4rhQ3VjOO6B4wyrJnGOX85requAXvqYTHsOgb2TFJdZ3aWpT8W2kPoypSGP7dZUyzxJ9ee4buM5Fg==
  dependencies:
    "@types/estree" "1.0.7"
  optionalDependencies:
    "@rollup/rollup-android-arm-eabi" "4.40.2"
    "@rollup/rollup-android-arm64" "4.40.2"
    "@rollup/rollup-darwin-arm64" "4.40.2"
    "@rollup/rollup-darwin-x64" "4.40.2"
    "@rollup/rollup-freebsd-arm64" "4.40.2"
    "@rollup/rollup-freebsd-x64" "4.40.2"
    "@rollup/rollup-linux-arm-gnueabihf" "4.40.2"
    "@rollup/rollup-linux-arm-musleabihf" "4.40.2"
    "@rollup/rollup-linux-arm64-gnu" "4.40.2"
    "@rollup/rollup-linux-arm64-musl" "4.40.2"
    "@rollup/rollup-linux-loongarch64-gnu" "4.40.2"
    "@rollup/rollup-linux-powerpc64le-gnu" "4.40.2"
    "@rollup/rollup-linux-riscv64-gnu" "4.40.2"
    "@rollup/rollup-linux-riscv64-musl" "4.40.2"
    "@rollup/rollup-linux-s390x-gnu" "4.40.2"
    "@rollup/rollup-linux-x64-gnu" "4.40.2"
    "@rollup/rollup-linux-x64-musl" "4.40.2"
    "@rollup/rollup-win32-arm64-msvc" "4.40.2"
    "@rollup/rollup-win32-ia32-msvc" "4.40.2"
    "@rollup/rollup-win32-x64-msvc" "4.40.2"
    fsevents "~2.3.2"

source-map-js@^1.2.1:
  version "1.2.1"
  resolved "https://registry.npmjs.org/source-map-js/-/source-map-js-1.2.1.tgz"
  integrity sha512-UXWMKhLOwVKb728IUtQPXxfYU+usdybtUrK/8uGE8CQMvrhOpwvzDBwj0QhSL7MQc7vIsISBG8VQ8+IDQxpfQA==

tinyglobby@^0.2.13:
  version "0.2.13"
  resolved "https://registry.npmjs.org/tinyglobby/-/tinyglobby-0.2.13.tgz"
  integrity sha512-mEwzpUgrLySlveBwEVDMKk5B57bhLPYovRfPAXD5gA/98Opn0rCDj3GtLwFvCvH5RK9uPCExUROW5NjDwvqkxw==
  dependencies:
    fdir "^6.4.4"
    picomatch "^4.0.2"

vite@^6.3.5:
  version "6.3.5"
  resolved "https://registry.npmjs.org/vite/-/vite-6.3.5.tgz"
  integrity sha512-cZn6NDFE7wdTpINgs++ZJ4N49W2vRp8LCKrn3Ob1kYNtOo21vfDoaV5GzBfLU4MovSAB8uNRm4jgzVQZ+mBzPQ==
  dependencies:
    esbuild "^0.25.0"
    fdir "^6.4.4"
    picomatch "^4.0.2"
    postcss "^8.5.3"
    rollup "^4.34.9"
    tinyglobby "^0.2.13"
  optionalDependencies:
    fsevents "~2.3.3"
